
Microsoft Visual Studio Solution File, Format Version 12.00
# Visual Studio Version 17
VisualStudioVersion = 17.1.32319.34
MinimumVisualStudioVersion = 10.0.40219.1
Project("{FAE04EC0-301F-11D3-BF4B-00C04F79EFBC}") = "Logiciel de gestion de cave a vin", "Logiciel de gestion de cave a vin\Logiciel de gestion de cave a vin.csproj", "{9B79D0C1-1E94-431D-8A6E-80882C101D94}"
EndProject
Global
	GlobalSection(SolutionConfigurationPlatforms) = preSolution
		Debug|Any CPU = Debug|Any CPU
		Release|Any CPU = Release|Any CPU
	EndGlobalSection
	GlobalSection(ProjectConfigurationPlatforms) = postSolution
		{9B79D0C1-1E94-431D-8A6E-80882C101D94}.Debug|Any CPU.ActiveCfg = Debug|Any CPU
		{9B79D0C1-1E94-431D-8A6E-80882C101D94}.Debug|Any CPU.Build.0 = Debug|Any CPU
		{9B79D0C1-1E94-431D-8A6E-80882C101D94}.Release|Any CPU.ActiveCfg = Release|Any CPU
		{9B79D0C1-1E94-431D-8A6E-80882C101D94}.Release|Any CPU.Build.0 = Release|Any CPU
	EndGlobalSection
	GlobalSection(SolutionProperties) = preSolution
		HideSolutionNode = FALSE
	EndGlobalSection
	GlobalSection(ExtensibilityGlobals) = postSolution
		SolutionGuid = {AB2946C9-7847-4EFB-9E6C-2D417E5DCD78}
	EndGlobalSection
EndGlobal
